
Microsoft Visual Studio Solution File, Format Version 12.00
# Visual Studio Version 17
VisualStudioVersion = 17.2.32630.192
MinimumVisualStudioVersion = 10.0.40219.1
Project("{FAE04EC0-301F-11D3-BF4B-00C04F79EFBC}") = "ShoppingList", "ShoppingList\ShoppingList.csproj", "{A8F68B3B-7392-4BDD-AAB4-B511EABDF067}"
EndProject
Global
	GlobalSection(SolutionConfigurationPlatforms) = preSolution
		Debug|Any CPU = Debug|Any CPU
		Release|Any CPU = Release|Any CPU
	EndGlobalSection
	GlobalSection(ProjectConfigurationPlatforms) = postSolution
		{A8F68B3B-7392-4BDD-AAB4-B511EABDF067}.Debug|Any CPU.ActiveCfg = Debug|Any CPU
		{A8F68B3B-7392-4BDD-AAB4-B511EABDF067}.Debug|Any CPU.Build.0 = Debug|Any CPU
		{A8F68B3B-7392-4BDD-AAB4-B511EABDF067}.Release|Any CPU.ActiveCfg = Release|Any CPU
		{A8F68B3B-7392-4BDD-AAB4-B511EABDF067}.Release|Any CPU.Build.0 = Release|Any CPU
	EndGlobalSection
	GlobalSection(SolutionProperties) = preSolution
		HideSolutionNode = FALSE
	EndGlobalSection
	GlobalSection(ExtensibilityGlobals) = postSolution
		SolutionGuid = {6D88EFD0-8928-47A2-B8F3-B0FD064F0254}
	EndGlobalSection
EndGlobal
